
Microsoft Visual Studio Solution File, Format Version 12.00
# Visual Studio Version 17
VisualStudioVersion = 17.6.33723.286
MinimumVisualStudioVersion = 10.0.40219.1
Project("{FAE04EC0-301F-11D3-BF4B-00C04F79EFBC}") = "BlazorApp1", "BlazorApp1\BlazorApp1.csproj", "{D51F329D-8EBA-4C4A-813F-E495A386BF64}"
EndProject
Global
	GlobalSection(SolutionConfigurationPlatforms) = preSolution
		Debug|Any CPU = Debug|Any CPU
		Release|Any CPU = Release|Any CPU
	EndGlobalSection
	GlobalSection(ProjectConfigurationPlatforms) = postSolution
		{D51F329D-8EBA-4C4A-813F-E495A386BF64}.Debug|Any CPU.ActiveCfg = Debug|Any CPU
		{D51F329D-8EBA-4C4A-813F-E495A386BF64}.Debug|Any CPU.Build.0 = Debug|Any CPU
		{D51F329D-8EBA-4C4A-813F-E495A386BF64}.Release|Any CPU.ActiveCfg = Release|Any CPU
		{D51F329D-8EBA-4C4A-813F-E495A386BF64}.Release|Any CPU.Build.0 = Release|Any CPU
	EndGlobalSection
	GlobalSection(SolutionProperties) = preSolution
		HideSolutionNode = FALSE
	EndGlobalSection
	GlobalSection(ExtensibilityGlobals) = postSolution
		SolutionGuid = {6807643D-8EDE-48FC-A65E-EEA790BE3E90}
	EndGlobalSection
EndGlobal
